
Microsoft Visual Studio Solution File, Format Version 12.00
# Visual Studio Version 16
VisualStudioVersion = 16.0.28803.156
MinimumVisualStudioVersion = 10.0.40219.1
Project("{FAE04EC0-301F-11D3-BF4B-00C04F79EFBC}") = "TaskRequest.Core", "TaskRequest.Core\TaskRequest.Core.csproj", "{38D701C2-01EF-47B6-B5C4-9B485B318DA1}"
EndProject
Project("{FAE04EC0-301F-11D3-BF4B-00C04F79EFBC}") = "TaskRequest.Presentation", "TaskRequest.Prsentation\TaskRequest.Presentation.csproj", "{4EA9994A-F143-4381-882F-E29820BC5094}"
EndProject
Global
	GlobalSection(SolutionConfigurationPlatforms) = preSolution
		Debug|Any CPU = Debug|Any CPU
		Release|Any CPU = Release|Any CPU
	EndGlobalSection
	GlobalSection(ProjectConfigurationPlatforms) = postSolution
		{38D701C2-01EF-47B6-B5C4-9B485B318DA1}.Debug|Any CPU.ActiveCfg = Debug|Any CPU
		{38D701C2-01EF-47B6-B5C4-9B485B318DA1}.Debug|Any CPU.Build.0 = Debug|Any CPU
		{38D701C2-01EF-47B6-B5C4-9B485B318DA1}.Release|Any CPU.ActiveCfg = Release|Any CPU
		{38D701C2-01EF-47B6-B5C4-9B485B318DA1}.Release|Any CPU.Build.0 = Release|Any CPU
		{4EA9994A-F143-4381-882F-E29820BC5094}.Debug|Any CPU.ActiveCfg = Debug|Any CPU
		{4EA9994A-F143-4381-882F-E29820BC5094}.Debug|Any CPU.Build.0 = Debug|Any CPU
		{4EA9994A-F143-4381-882F-E29820BC5094}.Release|Any CPU.ActiveCfg = Release|Any CPU
		{4EA9994A-F143-4381-882F-E29820BC5094}.Release|Any CPU.Build.0 = Release|Any CPU
	EndGlobalSection
	GlobalSection(SolutionProperties) = preSolution
		HideSolutionNode = FALSE
	EndGlobalSection
	GlobalSection(ExtensibilityGlobals) = postSolution
		SolutionGuid = {6A6D3CDD-AB57-4C20-87C6-660D0BC2D192}
	EndGlobalSection
EndGlobal
